
Microsoft Visual Studio Solution File, Format Version 12.00
# Visual Studio Version 16
VisualStudioVersion = 16.0.31205.134
MinimumVisualStudioVersion = 10.0.40219.1
Project("{9A19103F-16F7-4668-BE54-9A1E7A4F7556}") = "ProductsShowcase", "ProductsShowcase.csproj", "{CF1D9506-4C73-493A-9501-705371DBE498}"
EndProject
Global
	GlobalSection(SolutionConfigurationPlatforms) = preSolution
		Debug|Any CPU = Debug|Any CPU
		Release|Any CPU = Release|Any CPU
	EndGlobalSection
	GlobalSection(ProjectConfigurationPlatforms) = postSolution
		{CF1D9506-4C73-493A-9501-705371DBE498}.Debug|Any CPU.ActiveCfg = Debug|Any CPU
		{CF1D9506-4C73-493A-9501-705371DBE498}.Debug|Any CPU.Build.0 = Debug|Any CPU
		{CF1D9506-4C73-493A-9501-705371DBE498}.Release|Any CPU.ActiveCfg = Release|Any CPU
		{CF1D9506-4C73-493A-9501-705371DBE498}.Release|Any CPU.Build.0 = Release|Any CPU
	EndGlobalSection
	GlobalSection(SolutionProperties) = preSolution
		HideSolutionNode = FALSE
	EndGlobalSection
	GlobalSection(ExtensibilityGlobals) = postSolution
		SolutionGuid = {9C8DE1A4-A82E-4745-8A85-E1E5D86D23D9}
	EndGlobalSection
EndGlobal
